
Microsoft Visual Studio Solution File, Format Version 12.00
# Visual Studio Version 16
VisualStudioVersion = 16.0.29509.3
MinimumVisualStudioVersion = 10.0.40219.1
Project("{FAE04EC0-301F-11D3-BF4B-00C04F79EFBC}") = "viREQ", "viREQ.csproj", "{C6648C83-DA16-4243-82B0-24D35B5FDC5C}"
EndProject
Global
	GlobalSection(SolutionConfigurationPlatforms) = preSolution
		Debug|Any CPU = Debug|Any CPU
		Release|Any CPU = Release|Any CPU
	EndGlobalSection
	GlobalSection(ProjectConfigurationPlatforms) = postSolution
		{C6648C83-DA16-4243-82B0-24D35B5FDC5C}.Debug|Any CPU.ActiveCfg = Debug|Any CPU
		{C6648C83-DA16-4243-82B0-24D35B5FDC5C}.Debug|Any CPU.Build.0 = Debug|Any CPU
		{C6648C83-DA16-4243-82B0-24D35B5FDC5C}.Release|Any CPU.ActiveCfg = Release|Any CPU
		{C6648C83-DA16-4243-82B0-24D35B5FDC5C}.Release|Any CPU.Build.0 = Release|Any CPU
	EndGlobalSection
	GlobalSection(SolutionProperties) = preSolution
		HideSolutionNode = FALSE
	EndGlobalSection
	GlobalSection(ExtensibilityGlobals) = postSolution
		SolutionGuid = {5D829B07-2DE6-4712-89C5-E1F42D90A78C}
	EndGlobalSection
EndGlobal
